
Microsoft Visual Studio Solution File, Format Version 12.00
# Visual Studio 2012
Project("{FAE04EC0-301F-11D3-BF4B-00C04F79EFBC}") = "WebDemoAjaxCS.2012.NET45", "WebDemoAjaxCS.2012.NET45.csproj", "{CA84D947-D5AE-4875-9CD4-8BB3854699EF}"
EndProject
Global
	GlobalSection(SolutionConfigurationPlatforms) = preSolution
		Debug|Any CPU = Debug|Any CPU
		Release|Any CPU = Release|Any CPU
	EndGlobalSection
	GlobalSection(ProjectConfigurationPlatforms) = postSolution
		{CA84D947-D5AE-4875-9CD4-8BB3854699EF}.Debug|Any CPU.ActiveCfg = Debug|Any CPU
		{CA84D947-D5AE-4875-9CD4-8BB3854699EF}.Debug|Any CPU.Build.0 = Debug|Any CPU
		{CA84D947-D5AE-4875-9CD4-8BB3854699EF}.Release|Any CPU.ActiveCfg = Release|Any CPU
		{CA84D947-D5AE-4875-9CD4-8BB3854699EF}.Release|Any CPU.Build.0 = Release|Any CPU
	EndGlobalSection
	GlobalSection(SolutionProperties) = preSolution
		HideSolutionNode = FALSE
	EndGlobalSection
EndGlobal
